// !$*UTF8*$!
{
	archiveVersion = 1;
	classes = {
	};
	objectVersion = 56;
	objects = {

/* Begin PBXBuildFile section */
		9598621A2A905B080047E1D5 /* DefaultView.swift in Sources */ = {isa = PBXBuildFile; fileRef = 959862192A905B080047E1D5 /* DefaultView.swift */; };
		9598621C2A905B210047E1D5 /* DefaultViewModel.swift in Sources */ = {isa = PBXBuildFile; fileRef = 9598621B2A905B210047E1D5 /* DefaultViewModel.swift */; };
		9598621F2A905D6B0047E1D5 /* MCTestView.swift in Sources */ = {isa = PBXBuildFile; fileRef = 9598621E2A905D6B0047E1D5 /* MCTestView.swift */; };
		959862212A905DC10047E1D5 /* TextMultipeerSession.swift in Sources */ = {isa = PBXBuildFile; fileRef = 959862202A905DC10047E1D5 /* TextMultipeerSession.swift */; };
		959862242A90615A0047E1D5 /* STTViewModel.swift in Sources */ = {isa = PBXBuildFile; fileRef = 959862232A90615A0047E1D5 /* STTViewModel.swift */; };
		959862262A90625B0047E1D5 /* STTTestView.swift in Sources */ = {isa = PBXBuildFile; fileRef = 959862252A90625B0047E1D5 /* STTTestView.swift */; };
		9598622A2A909C8B0047E1D5 /* STTView.swift in Sources */ = {isa = PBXBuildFile; fileRef = 959862292A909C8B0047E1D5 /* STTView.swift */; };
		9598622E2A909D060047E1D5 /* ColorExtension.swift in Sources */ = {isa = PBXBuildFile; fileRef = 9598622D2A909D060047E1D5 /* ColorExtension.swift */; };
		95FD82BE2A8F82B000C5667E /* JunctionAsia2023_GAGAApp.swift in Sources */ = {isa = PBXBuildFile; fileRef = 95FD82BD2A8F82B000C5667E /* JunctionAsia2023_GAGAApp.swift */; };
		95FD82C02A8F82B000C5667E /* ContentView.swift in Sources */ = {isa = PBXBuildFile; fileRef = 95FD82BF2A8F82B000C5667E /* ContentView.swift */; };
		95FD82C22A8F82B200C5667E /* Assets.xcassets in Resources */ = {isa = PBXBuildFile; fileRef = 95FD82C12A8F82B200C5667E /* Assets.xcassets */; };
		95FD82C52A8F82B200C5667E /* Preview Assets.xcassets in Resources */ = {isa = PBXBuildFile; fileRef = 95FD82C42A8F82B200C5667E /* Preview Assets.xcassets */; };
		95FD82C72A8F82B200C5667E /* Persistence.swift in Sources */ = {isa = PBXBuildFile; fileRef = 95FD82C62A8F82B200C5667E /* Persistence.swift */; };
		95FD82CA2A8F82B200C5667E /* JunctionAsia2023_GAGA.xcdatamodeld in Sources */ = {isa = PBXBuildFile; fileRef = 95FD82C82A8F82B200C5667E /* JunctionAsia2023_GAGA.xcdatamodeld */; };
		99AC33342A913EB500702192 /* MainView.swift in Sources */ = {isa = PBXBuildFile; fileRef = 99AC33332A913EB500702192 /* MainView.swift */; };
		99AE04BB2A908C4500B66B99 /* TTSTest.swift in Sources */ = {isa = PBXBuildFile; fileRef = 99AE04BA2A908C4500B66B99 /* TTSTest.swift */; };
		99AE04BD2A90A1F800B66B99 /* TTSView.swift in Sources */ = {isa = PBXBuildFile; fileRef = 99AE04BC2A90A1F800B66B99 /* TTSView.swift */; };
		99F805832A9080400081D332 /* Localizable.strings in Resources */ = {isa = PBXBuildFile; fileRef = 99F805852A9080400081D332 /* Localizable.strings */; };
		BE0B019F2A907C9500FA9320 /* PapagoResponse.swift in Sources */ = {isa = PBXBuildFile; fileRef = BE0B019E2A907C9500FA9320 /* PapagoResponse.swift */; };
		BE0B01A12A90800500FA9320 /* PapagoAPI.plist in Resources */ = {isa = PBXBuildFile; fileRef = BE0B01A02A90800500FA9320 /* PapagoAPI.plist */; };
		BE0B01A32A909F1500FA9320 /* UserLanguageSelectionView.swift in Sources */ = {isa = PBXBuildFile; fileRef = BE0B01A22A909F1500FA9320 /* UserLanguageSelectionView.swift */; };
		BE15247B2A9067B400BF6F92 /* LanguageModel.swift in Sources */ = {isa = PBXBuildFile; fileRef = BE15247A2A9067B400BF6F92 /* LanguageModel.swift */; };
		BEA10C8C2A90A2F000354196 /* Color.swift in Sources */ = {isa = PBXBuildFile; fileRef = BEA10C8B2A90A2F000354196 /* Color.swift */; };
		BEA10C8E2A90A4DD00354196 /* Font.swift in Sources */ = {isa = PBXBuildFile; fileRef = BEA10C8D2A90A4DD00354196 /* Font.swift */; };
/* End PBXBuildFile section */

/* Begin PBXFileReference section */
		959862192A905B080047E1D5 /* DefaultView.swift */ = {isa = PBXFileReference; lastKnownFileType = sourcecode.swift; path = DefaultView.swift; sourceTree = "<group>"; };
		9598621B2A905B210047E1D5 /* DefaultViewModel.swift */ = {isa = PBXFileReference; lastKnownFileType = sourcecode.swift; path = DefaultViewModel.swift; sourceTree = "<group>"; };
		9598621E2A905D6B0047E1D5 /* MCTestView.swift */ = {isa = PBXFileReference; lastKnownFileType = sourcecode.swift; path = MCTestView.swift; sourceTree = "<group>"; };
		959862202A905DC10047E1D5 /* TextMultipeerSession.swift */ = {isa = PBXFileReference; lastKnownFileType = sourcecode.swift; path = TextMultipeerSession.swift; sourceTree = "<group>"; };
		959862222A905F430047E1D5 /* Info.plist */ = {isa = PBXFileReference; lastKnownFileType = text.plist; path = Info.plist; sourceTree = "<group>"; };
		959862232A90615A0047E1D5 /* STTViewModel.swift */ = {isa = PBXFileReference; lastKnownFileType = sourcecode.swift; path = STTViewModel.swift; sourceTree = "<group>"; };
		959862252A90625B0047E1D5 /* STTTestView.swift */ = {isa = PBXFileReference; lastKnownFileType = sourcecode.swift; path = STTTestView.swift; sourceTree = "<group>"; };
		959862292A909C8B0047E1D5 /* STTView.swift */ = {isa = PBXFileReference; lastKnownFileType = sourcecode.swift; path = STTView.swift; sourceTree = "<group>"; };
		9598622D2A909D060047E1D5 /* ColorExtension.swift */ = {isa = PBXFileReference; lastKnownFileType = sourcecode.swift; path = ColorExtension.swift; sourceTree = "<group>"; };
		95FD82BA2A8F82B000C5667E /* JunctionAsia2023-GAGA.app */ = {isa = PBXFileReference; explicitFileType = wrapper.application; includeInIndex = 0; path = "JunctionAsia2023-GAGA.app"; sourceTree = BUILT_PRODUCTS_DIR; };
		95FD82BD2A8F82B000C5667E /* JunctionAsia2023_GAGAApp.swift */ = {isa = PBXFileReference; lastKnownFileType = sourcecode.swift; path = JunctionAsia2023_GAGAApp.swift; sourceTree = "<group>"; };
		95FD82BF2A8F82B000C5667E /* ContentView.swift */ = {isa = PBXFileReference; lastKnownFileType = sourcecode.swift; path = ContentView.swift; sourceTree = "<group>"; };
		95FD82C12A8F82B200C5667E /* Assets.xcassets */ = {isa = PBXFileReference; lastKnownFileType = folder.assetcatalog; path = Assets.xcassets; sourceTree = "<group>"; };
		95FD82C42A8F82B200C5667E /* Preview Assets.xcassets */ = {isa = PBXFileReference; lastKnownFileType = folder.assetcatalog; path = "Preview Assets.xcassets"; sourceTree = "<group>"; };
		95FD82C62A8F82B200C5667E /* Persistence.swift */ = {isa = PBXFileReference; lastKnownFileType = sourcecode.swift; path = Persistence.swift; sourceTree = "<group>"; };
		95FD82C92A8F82B200C5667E /* JunctionAsia2023_GAGA.xcdatamodel */ = {isa = PBXFileReference; lastKnownFileType = wrapper.xcdatamodel; path = JunctionAsia2023_GAGA.xcdatamodel; sourceTree = "<group>"; };
		99AC33332A913EB500702192 /* MainView.swift */ = {isa = PBXFileReference; lastKnownFileType = sourcecode.swift; path = MainView.swift; sourceTree = "<group>"; };
		99AE04BA2A908C4500B66B99 /* TTSTest.swift */ = {isa = PBXFileReference; fileEncoding = 4; lastKnownFileType = sourcecode.swift; name = TTSTest.swift; path = "../../../../../../../../.Trash/JunctionAsia2023-GAGA 오후 2.31.30/JunctionAsia2023-GAGA/JunctionAsia2023-GAGA/Source/View/TTSTest.swift"; sourceTree = "<group>"; };
		99AE04BC2A90A1F800B66B99 /* TTSView.swift */ = {isa = PBXFileReference; lastKnownFileType = sourcecode.swift; path = TTSView.swift; sourceTree = "<group>"; };
		99F805842A9080400081D332 /* en */ = {isa = PBXFileReference; lastKnownFileType = text.plist.strings; name = en; path = en.lproj/Localizable.strings; sourceTree = "<group>"; };
		99F805862A9082240081D332 /* ko */ = {isa = PBXFileReference; lastKnownFileType = text.plist.strings; name = ko; path = ko.lproj/Localizable.strings; sourceTree = "<group>"; };
		BE0B019E2A907C9500FA9320 /* PapagoResponse.swift */ = {isa = PBXFileReference; lastKnownFileType = sourcecode.swift; path = PapagoResponse.swift; sourceTree = "<group>"; };
		BE0B01A02A90800500FA9320 /* PapagoAPI.plist */ = {isa = PBXFileReference; lastKnownFileType = text.plist.xml; path = PapagoAPI.plist; sourceTree = "<group>"; };
		BE0B01A22A909F1500FA9320 /* UserLanguageSelectionView.swift */ = {isa = PBXFileReference; lastKnownFileType = sourcecode.swift; path = UserLanguageSelectionView.swift; sourceTree = "<group>"; };
		BE15247A2A9067B400BF6F92 /* LanguageModel.swift */ = {isa = PBXFileReference; lastKnownFileType = sourcecode.swift; path = LanguageModel.swift; sourceTree = "<group>"; };
		BEA10C8B2A90A2F000354196 /* Color.swift */ = {isa = PBXFileReference; lastKnownFileType = sourcecode.swift; path = Color.swift; sourceTree = "<group>"; };
		BEA10C8D2A90A4DD00354196 /* Font.swift */ = {isa = PBXFileReference; lastKnownFileType = sourcecode.swift; path = Font.swift; sourceTree = "<group>"; };
/* End PBXFileReference section */

/* Begin PBXFrameworksBuildPhase section */
		95FD82B72A8F82B000C5667E /* Frameworks */ = {
			isa = PBXFrameworksBuildPhase;
			buildActionMask = 2147483647;
			files = (
			);
			runOnlyForDeploymentPostprocessing = 0;
		};
/* End PBXFrameworksBuildPhase section */

/* Begin PBXGroup section */
		959862142A90589B0047E1D5 /* Resource */ = {
			isa = PBXGroup;
			children = (
				95FD82C12A8F82B200C5667E /* Assets.xcassets */,
				BE0B01A02A90800500FA9320 /* PapagoAPI.plist */,
				BEA10C8B2A90A2F000354196 /* Color.swift */,
				BEA10C8D2A90A4DD00354196 /* Font.swift */,
			);
			path = Resource;
			sourceTree = "<group>";
		};
		959862152A9058A30047E1D5 /* Source */ = {
			isa = PBXGroup;
			children = (
				9598622B2A909CF10047E1D5 /* Util */,
				959862182A9058CB0047E1D5 /* ViewModel */,
				959862172A9058C70047E1D5 /* View */,
				959862162A9058BE0047E1D5 /* Model */,
				95FD82BD2A8F82B000C5667E /* JunctionAsia2023_GAGAApp.swift */,
				95FD82BF2A8F82B000C5667E /* ContentView.swift */,
				99F805852A9080400081D332 /* Localizable.strings */,
			);
			path = Source;
			sourceTree = "<group>";
		};
		959862162A9058BE0047E1D5 /* Model */ = {
			isa = PBXGroup;
			children = (
				95FD82C62A8F82B200C5667E /* Persistence.swift */,
				95FD82C82A8F82B200C5667E /* JunctionAsia2023_GAGA.xcdatamodeld */,
				BE15247A2A9067B400BF6F92 /* LanguageModel.swift */,
				BE0B019E2A907C9500FA9320 /* PapagoResponse.swift */,
			);
			path = Model;
			sourceTree = "<group>";
		};
		959862172A9058C70047E1D5 /* View */ = {
			isa = PBXGroup;
			children = (
				959862192A905B080047E1D5 /* DefaultView.swift */,
				9598621E2A905D6B0047E1D5 /* MCTestView.swift */,
				959862252A90625B0047E1D5 /* STTTestView.swift */,
				99AE04BA2A908C4500B66B99 /* TTSTest.swift */,
				99AE04BC2A90A1F800B66B99 /* TTSView.swift */,
				959862292A909C8B0047E1D5 /* STTView.swift */,
				BE0B01A22A909F1500FA9320 /* UserLanguageSelectionView.swift */,
				99AC33332A913EB500702192 /* MainView.swift */,
			);
			path = View;
			sourceTree = "<group>";
		};
		959862182A9058CB0047E1D5 /* ViewModel */ = {
			isa = PBXGroup;
			children = (
				9598621B2A905B210047E1D5 /* DefaultViewModel.swift */,
				959862202A905DC10047E1D5 /* TextMultipeerSession.swift */,
				959862232A90615A0047E1D5 /* STTViewModel.swift */,
			);
			path = ViewModel;
			sourceTree = "<group>";
		};
		9598622B2A909CF10047E1D5 /* Util */ = {
			isa = PBXGroup;
			children = (
				9598622C2A909CFA0047E1D5 /* Extension */,
			);
			path = Util;
			sourceTree = "<group>";
		};
		9598622C2A909CFA0047E1D5 /* Extension */ = {
			isa = PBXGroup;
			children = (
				9598622D2A909D060047E1D5 /* ColorExtension.swift */,
			);
			path = Extension;
			sourceTree = "<group>";
		};
		95FD82B12A8F82B000C5667E = {
			isa = PBXGroup;
			children = (
				95FD82BC2A8F82B000C5667E /* JunctionAsia2023-GAGA */,
				95FD82BB2A8F82B000C5667E /* Products */,
			);
			sourceTree = "<group>";
		};
		95FD82BB2A8F82B000C5667E /* Products */ = {
			isa = PBXGroup;
			children = (
				95FD82BA2A8F82B000C5667E /* JunctionAsia2023-GAGA.app */,
			);
			name = Products;
			sourceTree = "<group>";
		};
		95FD82BC2A8F82B000C5667E /* JunctionAsia2023-GAGA */ = {
			isa = PBXGroup;
			children = (
				959862222A905F430047E1D5 /* Info.plist */,
				959862152A9058A30047E1D5 /* Source */,
				959862142A90589B0047E1D5 /* Resource */,
				95FD82C32A8F82B200C5667E /* Preview Content */,
			);
			path = "JunctionAsia2023-GAGA";
			sourceTree = "<group>";
		};
		95FD82C32A8F82B200C5667E /* Preview Content */ = {
			isa = PBXGroup;
			children = (
				95FD82C42A8F82B200C5667E /* Preview Assets.xcassets */,
			);
			path = "Preview Content";
			sourceTree = "<group>";
		};
/* End PBXGroup section */

/* Begin PBXNativeTarget section */
		95FD82B92A8F82B000C5667E /* JunctionAsia2023-GAGA */ = {
			isa = PBXNativeTarget;
			buildConfigurationList = 95FD82CD2A8F82B200C5667E /* Build configuration list for PBXNativeTarget "JunctionAsia2023-GAGA" */;
			buildPhases = (
				95FD82B62A8F82B000C5667E /* Sources */,
				95FD82B72A8F82B000C5667E /* Frameworks */,
				95FD82B82A8F82B000C5667E /* Resources */,
			);
			buildRules = (
			);
			dependencies = (
			);
			name = "JunctionAsia2023-GAGA";
			productName = "JunctionAsia2023-GAGA";
			productReference = 95FD82BA2A8F82B000C5667E /* JunctionAsia2023-GAGA.app */;
			productType = "com.apple.product-type.application";
		};
/* End PBXNativeTarget section */

/* Begin PBXProject section */
		95FD82B22A8F82B000C5667E /* Project object */ = {
			isa = PBXProject;
			attributes = {
				BuildIndependentTargetsInParallel = 1;
				LastSwiftUpdateCheck = 1420;
				LastUpgradeCheck = 1420;
				TargetAttributes = {
					95FD82B92A8F82B000C5667E = {
						CreatedOnToolsVersion = 14.2;
					};
				};
			};
			buildConfigurationList = 95FD82B52A8F82B000C5667E /* Build configuration list for PBXProject "JunctionAsia2023-GAGA" */;
			compatibilityVersion = "Xcode 14.0";
			developmentRegion = en;
			hasScannedForEncodings = 0;
			knownRegions = (
				en,
				Base,
				ko,
			);
			mainGroup = 95FD82B12A8F82B000C5667E;
			productRefGroup = 95FD82BB2A8F82B000C5667E /* Products */;
			projectDirPath = "";
			projectRoot = "";
			targets = (
				95FD82B92A8F82B000C5667E /* JunctionAsia2023-GAGA */,
			);
		};
/* End PBXProject section */

/* Begin PBXResourcesBuildPhase section */
		95FD82B82A8F82B000C5667E /* Resources */ = {
			isa = PBXResourcesBuildPhase;
			buildActionMask = 2147483647;
			files = (
				BE0B01A12A90800500FA9320 /* PapagoAPI.plist in Resources */,
				95FD82C52A8F82B200C5667E /* Preview Assets.xcassets in Resources */,
				99F805832A9080400081D332 /* Localizable.strings in Resources */,
				95FD82C22A8F82B200C5667E /* Assets.xcassets in Resources */,
			);
			runOnlyForDeploymentPostprocessing = 0;
		};
/* End PBXResourcesBuildPhase section */

/* Begin PBXSourcesBuildPhase section */
		95FD82B62A8F82B000C5667E /* Sources */ = {
			isa = PBXSourcesBuildPhase;
			buildActionMask = 2147483647;
			files = (
				95FD82CA2A8F82B200C5667E /* JunctionAsia2023_GAGA.xcdatamodeld in Sources */,
				99AC33342A913EB500702192 /* MainView.swift in Sources */,
				95FD82C72A8F82B200C5667E /* Persistence.swift in Sources */,
				9598622A2A909C8B0047E1D5 /* STTView.swift in Sources */,
				BEA10C8E2A90A4DD00354196 /* Font.swift in Sources */,
				9598621C2A905B210047E1D5 /* DefaultViewModel.swift in Sources */,
				99AE04BB2A908C4500B66B99 /* TTSTest.swift in Sources */,
				95FD82C02A8F82B000C5667E /* ContentView.swift in Sources */,
				BE0B01A32A909F1500FA9320 /* UserLanguageSelectionView.swift in Sources */,
				95FD82BE2A8F82B000C5667E /* JunctionAsia2023_GAGAApp.swift in Sources */,
				959862212A905DC10047E1D5 /* TextMultipeerSession.swift in Sources */,
				959862262A90625B0047E1D5 /* STTTestView.swift in Sources */,
				9598621F2A905D6B0047E1D5 /* MCTestView.swift in Sources */,
				BEA10C8C2A90A2F000354196 /* Color.swift in Sources */,
				BE0B019F2A907C9500FA9320 /* PapagoResponse.swift in Sources */,
				9598621A2A905B080047E1D5 /* DefaultView.swift in Sources */,
				99AE04BD2A90A1F800B66B99 /* TTSView.swift in Sources */,
				959862242A90615A0047E1D5 /* STTViewModel.swift in Sources */,
				BE15247B2A9067B400BF6F92 /* LanguageModel.swift in Sources */,
				959862242A90615A0047E1D5 /* STTViewModel.swift in Sources */,
				9598622E2A909D060047E1D5 /* ColorExtension.swift in Sources */,
			);
			runOnlyForDeploymentPostprocessing = 0;
		};
/* End PBXSourcesBuildPhase section */

/* Begin PBXVariantGroup section */
		99F805852A9080400081D332 /* Localizable.strings */ = {
			isa = PBXVariantGroup;
			children = (
				99F805842A9080400081D332 /* en */,
				99F805862A9082240081D332 /* ko */,
			);
			name = Localizable.strings;
			sourceTree = "<group>";
		};
/* End PBXVariantGroup section */

/* Begin XCBuildConfiguration section */
		95FD82CB2A8F82B200C5667E /* Debug */ = {
			isa = XCBuildConfiguration;
			buildSettings = {
				ALWAYS_SEARCH_USER_PATHS = NO;
				CLANG_ANALYZER_LOCALIZABILITY_NONLOCALIZED = YES;
				CLANG_ANALYZER_NONNULL = YES;
				CLANG_ANALYZER_NUMBER_OBJECT_CONVERSION = YES_AGGRESSIVE;
				CLANG_CXX_LANGUAGE_STANDARD = "gnu++20";
				CLANG_ENABLE_MODULES = YES;
				CLANG_ENABLE_OBJC_ARC = YES;
				CLANG_ENABLE_OBJC_WEAK = YES;
				CLANG_WARN_BLOCK_CAPTURE_AUTORELEASING = YES;
				CLANG_WARN_BOOL_CONVERSION = YES;
				CLANG_WARN_COMMA = YES;
				CLANG_WARN_CONSTANT_CONVERSION = YES;
				CLANG_WARN_DEPRECATED_OBJC_IMPLEMENTATIONS = YES;
				CLANG_WARN_DIRECT_OBJC_ISA_USAGE = YES_ERROR;
				CLANG_WARN_DOCUMENTATION_COMMENTS = YES;
				CLANG_WARN_EMPTY_BODY = YES;
				CLANG_WARN_ENUM_CONVERSION = YES;
				CLANG_WARN_INFINITE_RECURSION = YES;
				CLANG_WARN_INT_CONVERSION = YES;
				CLANG_WARN_NON_LITERAL_NULL_CONVERSION = YES;
				CLANG_WARN_OBJC_IMPLICIT_RETAIN_SELF = YES;
				CLANG_WARN_OBJC_LITERAL_CONVERSION = YES;
				CLANG_WARN_OBJC_ROOT_CLASS = YES_ERROR;
				CLANG_WARN_QUOTED_INCLUDE_IN_FRAMEWORK_HEADER = YES;
				CLANG_WARN_RANGE_LOOP_ANALYSIS = YES;
				CLANG_WARN_STRICT_PROTOTYPES = YES;
				CLANG_WARN_SUSPICIOUS_MOVE = YES;
				CLANG_WARN_UNGUARDED_AVAILABILITY = YES_AGGRESSIVE;
				CLANG_WARN_UNREACHABLE_CODE = YES;
				CLANG_WARN__DUPLICATE_METHOD_MATCH = YES;
				COPY_PHASE_STRIP = NO;
				DEBUG_INFORMATION_FORMAT = dwarf;
				ENABLE_STRICT_OBJC_MSGSEND = YES;
				ENABLE_TESTABILITY = YES;
				GCC_C_LANGUAGE_STANDARD = gnu11;
				GCC_DYNAMIC_NO_PIC = NO;
				GCC_NO_COMMON_BLOCKS = YES;
				GCC_OPTIMIZATION_LEVEL = 0;
				GCC_PREPROCESSOR_DEFINITIONS = (
					"DEBUG=1",
					"$(inherited)",
				);
				GCC_WARN_64_TO_32_BIT_CONVERSION = YES;
				GCC_WARN_ABOUT_RETURN_TYPE = YES_ERROR;
				GCC_WARN_UNDECLARED_SELECTOR = YES;
				GCC_WARN_UNINITIALIZED_AUTOS = YES_AGGRESSIVE;
				GCC_WARN_UNUSED_FUNCTION = YES;
				GCC_WARN_UNUSED_VARIABLE = YES;
				IPHONEOS_DEPLOYMENT_TARGET = 16.2;
				MTL_ENABLE_DEBUG_INFO = INCLUDE_SOURCE;
				MTL_FAST_MATH = YES;
				ONLY_ACTIVE_ARCH = YES;
				SDKROOT = iphoneos;
				SWIFT_ACTIVE_COMPILATION_CONDITIONS = DEBUG;
				SWIFT_OPTIMIZATION_LEVEL = "-Onone";
			};
			name = Debug;
		};
		95FD82CC2A8F82B200C5667E /* Release */ = {
			isa = XCBuildConfiguration;
			buildSettings = {
				ALWAYS_SEARCH_USER_PATHS = NO;
				CLANG_ANALYZER_LOCALIZABILITY_NONLOCALIZED = YES;
				CLANG_ANALYZER_NONNULL = YES;
				CLANG_ANALYZER_NUMBER_OBJECT_CONVERSION = YES_AGGRESSIVE;
				CLANG_CXX_LANGUAGE_STANDARD = "gnu++20";
				CLANG_ENABLE_MODULES = YES;
				CLANG_ENABLE_OBJC_ARC = YES;
				CLANG_ENABLE_OBJC_WEAK = YES;
				CLANG_WARN_BLOCK_CAPTURE_AUTORELEASING = YES;
				CLANG_WARN_BOOL_CONVERSION = YES;
				CLANG_WARN_COMMA = YES;
				CLANG_WARN_CONSTANT_CONVERSION = YES;
				CLANG_WARN_DEPRECATED_OBJC_IMPLEMENTATIONS = YES;
				CLANG_WARN_DIRECT_OBJC_ISA_USAGE = YES_ERROR;
				CLANG_WARN_DOCUMENTATION_COMMENTS = YES;
				CLANG_WARN_EMPTY_BODY = YES;
				CLANG_WARN_ENUM_CONVERSION = YES;
				CLANG_WARN_INFINITE_RECURSION = YES;
				CLANG_WARN_INT_CONVERSION = YES;
				CLANG_WARN_NON_LITERAL_NULL_CONVERSION = YES;
				CLANG_WARN_OBJC_IMPLICIT_RETAIN_SELF = YES;
				CLANG_WARN_OBJC_LITERAL_CONVERSION = YES;
				CLANG_WARN_OBJC_ROOT_CLASS = YES_ERROR;
				CLANG_WARN_QUOTED_INCLUDE_IN_FRAMEWORK_HEADER = YES;
				CLANG_WARN_RANGE_LOOP_ANALYSIS = YES;
				CLANG_WARN_STRICT_PROTOTYPES = YES;
				CLANG_WARN_SUSPICIOUS_MOVE = YES;
				CLANG_WARN_UNGUARDED_AVAILABILITY = YES_AGGRESSIVE;
				CLANG_WARN_UNREACHABLE_CODE = YES;
				CLANG_WARN__DUPLICATE_METHOD_MATCH = YES;
				COPY_PHASE_STRIP = NO;
				DEBUG_INFORMATION_FORMAT = "dwarf-with-dsym";
				ENABLE_NS_ASSERTIONS = NO;
				ENABLE_STRICT_OBJC_MSGSEND = YES;
				GCC_C_LANGUAGE_STANDARD = gnu11;
				GCC_NO_COMMON_BLOCKS = YES;
				GCC_WARN_64_TO_32_BIT_CONVERSION = YES;
				GCC_WARN_ABOUT_RETURN_TYPE = YES_ERROR;
				GCC_WARN_UNDECLARED_SELECTOR = YES;
				GCC_WARN_UNINITIALIZED_AUTOS = YES_AGGRESSIVE;
				GCC_WARN_UNUSED_FUNCTION = YES;
				GCC_WARN_UNUSED_VARIABLE = YES;
				IPHONEOS_DEPLOYMENT_TARGET = 16.2;
				MTL_ENABLE_DEBUG_INFO = NO;
				MTL_FAST_MATH = YES;
				SDKROOT = iphoneos;
				SWIFT_COMPILATION_MODE = wholemodule;
				SWIFT_OPTIMIZATION_LEVEL = "-O";
				VALIDATE_PRODUCT = YES;
			};
			name = Release;
		};
		95FD82CE2A8F82B200C5667E /* Debug */ = {
			isa = XCBuildConfiguration;
			buildSettings = {
				ASSETCATALOG_COMPILER_APPICON_NAME = AppIcon;
				ASSETCATALOG_COMPILER_GLOBAL_ACCENT_COLOR_NAME = AccentColor;
				CODE_SIGN_STYLE = Automatic;
				CURRENT_PROJECT_VERSION = 1;
				DEVELOPMENT_ASSET_PATHS = "\"JunctionAsia2023-GAGA/Preview Content\"";
				DEVELOPMENT_TEAM = 333J2S2AQK;
				ENABLE_PREVIEWS = YES;
				GENERATE_INFOPLIST_FILE = YES;
				INFOPLIST_FILE = "JunctionAsia2023-GAGA/Info.plist";
				INFOPLIST_KEY_NSLocalNetworkUsageDescription = "다른 분들과 대화하고 싶으시면 공유 권한을 허용해주세요.";
				INFOPLIST_KEY_NSMicrophoneUsageDescription = "마이크를 사용해서 음성인식을 사용할 수 있습니다.";
				INFOPLIST_KEY_NSSpeechRecognitionUsageDescription = "음성 인식을 통해 다른 사람과 대화를 할 수 있습니다.";
				INFOPLIST_KEY_UIApplicationSceneManifest_Generation = YES;
				INFOPLIST_KEY_UIApplicationSupportsIndirectInputEvents = YES;
				INFOPLIST_KEY_UILaunchScreen_Generation = YES;
				INFOPLIST_KEY_UISupportedInterfaceOrientations_iPad = "UIInterfaceOrientationPortrait UIInterfaceOrientationPortraitUpsideDown UIInterfaceOrientationLandscapeLeft UIInterfaceOrientationLandscapeRight";
				INFOPLIST_KEY_UISupportedInterfaceOrientations_iPhone = "UIInterfaceOrientationPortrait UIInterfaceOrientationLandscapeLeft UIInterfaceOrientationLandscapeRight";
				LD_RUNPATH_SEARCH_PATHS = (
					"$(inherited)",
					"@executable_path/Frameworks",
				);
				MARKETING_VERSION = 1.0;
				PRODUCT_BUNDLE_IDENTIFIER = GAGA.JunctionAsia2023.TravelTalK;
				PRODUCT_NAME = "$(TARGET_NAME)";
				SWIFT_EMIT_LOC_STRINGS = YES;
				SWIFT_VERSION = 5.0;
				TARGETED_DEVICE_FAMILY = "1,2";
			};
			name = Debug;
		};
		95FD82CF2A8F82B200C5667E /* Release */ = {
			isa = XCBuildConfiguration;
			buildSettings = {
				ASSETCATALOG_COMPILER_APPICON_NAME = AppIcon;
				ASSETCATALOG_COMPILER_GLOBAL_ACCENT_COLOR_NAME = AccentColor;
				CODE_SIGN_STYLE = Automatic;
				CURRENT_PROJECT_VERSION = 1;
				DEVELOPMENT_ASSET_PATHS = "\"JunctionAsia2023-GAGA/Preview Content\"";
				DEVELOPMENT_TEAM = 333J2S2AQK;
				ENABLE_PREVIEWS = YES;
				GENERATE_INFOPLIST_FILE = YES;
				INFOPLIST_FILE = "JunctionAsia2023-GAGA/Info.plist";
				INFOPLIST_KEY_NSLocalNetworkUsageDescription = "다른 분들과 대화하고 싶으시면 공유 권한을 허용해주세요.";
				INFOPLIST_KEY_NSMicrophoneUsageDescription = "마이크를 사용해서 음성인식을 사용할 수 있습니다.";
				INFOPLIST_KEY_NSSpeechRecognitionUsageDescription = "음성 인식을 통해 다른 사람과 대화를 할 수 있습니다.";
				INFOPLIST_KEY_UIApplicationSceneManifest_Generation = YES;
				INFOPLIST_KEY_UIApplicationSupportsIndirectInputEvents = YES;
				INFOPLIST_KEY_UILaunchScreen_Generation = YES;
				INFOPLIST_KEY_UISupportedInterfaceOrientations_iPad = "UIInterfaceOrientationPortrait UIInterfaceOrientationPortraitUpsideDown UIInterfaceOrientationLandscapeLeft UIInterfaceOrientationLandscapeRight";
				INFOPLIST_KEY_UISupportedInterfaceOrientations_iPhone = "UIInterfaceOrientationPortrait UIInterfaceOrientationLandscapeLeft UIInterfaceOrientationLandscapeRight";
				LD_RUNPATH_SEARCH_PATHS = (
					"$(inherited)",
					"@executable_path/Frameworks",
				);
				MARKETING_VERSION = 1.0;
				PRODUCT_BUNDLE_IDENTIFIER = GAGA.JunctionAsia2023.TravelTalK;
				PRODUCT_NAME = "$(TARGET_NAME)";
				SWIFT_EMIT_LOC_STRINGS = YES;
				SWIFT_VERSION = 5.0;
				TARGETED_DEVICE_FAMILY = "1,2";
			};
			name = Release;
		};
/* End XCBuildConfiguration section */

/* Begin XCConfigurationList section */
		95FD82B52A8F82B000C5667E /* Build configuration list for PBXProject "JunctionAsia2023-GAGA" */ = {
			isa = XCConfigurationList;
			buildConfigurations = (
				95FD82CB2A8F82B200C5667E /* Debug */,
				95FD82CC2A8F82B200C5667E /* Release */,
			);
			defaultConfigurationIsVisible = 0;
			defaultConfigurationName = Release;
		};
		95FD82CD2A8F82B200C5667E /* Build configuration list for PBXNativeTarget "JunctionAsia2023-GAGA" */ = {
			isa = XCConfigurationList;
			buildConfigurations = (
				95FD82CE2A8F82B200C5667E /* Debug */,
				95FD82CF2A8F82B200C5667E /* Release */,
			);
			defaultConfigurationIsVisible = 0;
			defaultConfigurationName = Release;
		};
/* End XCConfigurationList section */

/* Begin XCVersionGroup section */
		95FD82C82A8F82B200C5667E /* JunctionAsia2023_GAGA.xcdatamodeld */ = {
			isa = XCVersionGroup;
			children = (
				95FD82C92A8F82B200C5667E /* JunctionAsia2023_GAGA.xcdatamodel */,
			);
			currentVersion = 95FD82C92A8F82B200C5667E /* JunctionAsia2023_GAGA.xcdatamodel */;
			path = JunctionAsia2023_GAGA.xcdatamodeld;
			sourceTree = "<group>";
			versionGroupType = wrapper.xcdatamodel;
		};
/* End XCVersionGroup section */
	};
	rootObject = 95FD82B22A8F82B000C5667E /* Project object */;
}
